
Microsoft Visual Studio Solution File, Format Version 12.00
# Visual Studio 14
VisualStudioVersion = 14.0.25420.1
MinimumVisualStudioVersion = 10.0.40219.1
Project("{FAE04EC0-301F-11D3-BF4B-00C04F79EFBC}") = "Assignment 4 looping and arrays", "Assignment 4 looping and arrays\Assignment 4 looping and arrays.csproj", "{A111E083-5306-469B-9A23-37F6522A191C}"
EndProject
Global
	GlobalSection(SolutionConfigurationPlatforms) = preSolution
		Debug|Any CPU = Debug|Any CPU
		Release|Any CPU = Release|Any CPU
	EndGlobalSection
	GlobalSection(ProjectConfigurationPlatforms) = postSolution
		{A111E083-5306-469B-9A23-37F6522A191C}.Debug|Any CPU.ActiveCfg = Debug|Any CPU
		{A111E083-5306-469B-9A23-37F6522A191C}.Debug|Any CPU.Build.0 = Debug|Any CPU
		{A111E083-5306-469B-9A23-37F6522A191C}.Release|Any CPU.ActiveCfg = Release|Any CPU
		{A111E083-5306-469B-9A23-37F6522A191C}.Release|Any CPU.Build.0 = Release|Any CPU
	EndGlobalSection
	GlobalSection(SolutionProperties) = preSolution
		HideSolutionNode = FALSE
	EndGlobalSection
EndGlobal
